
Microsoft Visual Studio Solution File, Format Version 12.00
# Visual Studio Version 16
VisualStudioVersion = 16.0.31025.194
MinimumVisualStudioVersion = 10.0.40219.1
Project("{FAE04EC0-301F-11D3-BF4B-00C04F79EFBC}") = "LeastSquare", "LeastSquare\LeastSquare.csproj", "{70554FAD-EAA2-420F-BBFA-D3319396E29C}"
EndProject
Global
	GlobalSection(SolutionConfigurationPlatforms) = preSolution
		Debug|Any CPU = Debug|Any CPU
		Release|Any CPU = Release|Any CPU
	EndGlobalSection
	GlobalSection(ProjectConfigurationPlatforms) = postSolution
		{70554FAD-EAA2-420F-BBFA-D3319396E29C}.Debug|Any CPU.ActiveCfg = Debug|Any CPU
		{70554FAD-EAA2-420F-BBFA-D3319396E29C}.Debug|Any CPU.Build.0 = Debug|Any CPU
		{70554FAD-EAA2-420F-BBFA-D3319396E29C}.Release|Any CPU.ActiveCfg = Release|Any CPU
		{70554FAD-EAA2-420F-BBFA-D3319396E29C}.Release|Any CPU.Build.0 = Release|Any CPU
	EndGlobalSection
	GlobalSection(SolutionProperties) = preSolution
		HideSolutionNode = FALSE
	EndGlobalSection
	GlobalSection(ExtensibilityGlobals) = postSolution
		SolutionGuid = {1003A2D1-1BA0-4F76-B5B8-A8DE49B3620D}
	EndGlobalSection
EndGlobal
